
Microsoft Visual Studio Solution File, Format Version 12.00
# Visual Studio Version 16
VisualStudioVersion = 16.0.30804.86
MinimumVisualStudioVersion = 10.0.40219.1
Project("{8BC9CEB8-8B4A-11D0-8D11-00A0C91BC942}") = "perf1", "perf1\perf1.vcxproj", "{4A4CC00E-0215-4047-8E67-B4082F324DBE}"
EndProject
Project("{8BC9CEB8-8B4A-11D0-8D11-00A0C91BC942}") = "measures", "measures\measures.vcxproj", "{0BBBB2D2-92D1-4444-AB68-388DBE560EBB}"
EndProject
Project("{8BC9CEB8-8B4A-11D0-8D11-00A0C91BC942}") = "client", "client\client.vcxproj", "{0BA4068D-87B2-4C1F-8A8D-C98AA843B3AC}"
EndProject
Global
	GlobalSection(SolutionConfigurationPlatforms) = preSolution
		Debug|x64 = Debug|x64
		Debug|x86 = Debug|x86
		Release|x64 = Release|x64
		Release|x86 = Release|x86
	EndGlobalSection
	GlobalSection(ProjectConfigurationPlatforms) = postSolution
		{4A4CC00E-0215-4047-8E67-B4082F324DBE}.Debug|x64.ActiveCfg = Debug|x64
		{4A4CC00E-0215-4047-8E67-B4082F324DBE}.Debug|x64.Build.0 = Debug|x64
		{4A4CC00E-0215-4047-8E67-B4082F324DBE}.Debug|x86.ActiveCfg = Debug|Win32
		{4A4CC00E-0215-4047-8E67-B4082F324DBE}.Debug|x86.Build.0 = Debug|Win32
		{4A4CC00E-0215-4047-8E67-B4082F324DBE}.Release|x64.ActiveCfg = Release|x64
		{4A4CC00E-0215-4047-8E67-B4082F324DBE}.Release|x64.Build.0 = Release|x64
		{4A4CC00E-0215-4047-8E67-B4082F324DBE}.Release|x86.ActiveCfg = Release|Win32
		{4A4CC00E-0215-4047-8E67-B4082F324DBE}.Release|x86.Build.0 = Release|Win32
		{0BBBB2D2-92D1-4444-AB68-388DBE560EBB}.Debug|x64.ActiveCfg = Debug|x64
		{0BBBB2D2-92D1-4444-AB68-388DBE560EBB}.Debug|x64.Build.0 = Debug|x64
		{0BBBB2D2-92D1-4444-AB68-388DBE560EBB}.Debug|x86.ActiveCfg = Debug|Win32
		{0BBBB2D2-92D1-4444-AB68-388DBE560EBB}.Debug|x86.Build.0 = Debug|Win32
		{0BBBB2D2-92D1-4444-AB68-388DBE560EBB}.Release|x64.ActiveCfg = Release|x64
		{0BBBB2D2-92D1-4444-AB68-388DBE560EBB}.Release|x64.Build.0 = Release|x64
		{0BBBB2D2-92D1-4444-AB68-388DBE560EBB}.Release|x86.ActiveCfg = Release|Win32
		{0BBBB2D2-92D1-4444-AB68-388DBE560EBB}.Release|x86.Build.0 = Release|Win32
		{0BA4068D-87B2-4C1F-8A8D-C98AA843B3AC}.Debug|x64.ActiveCfg = Debug|x64
		{0BA4068D-87B2-4C1F-8A8D-C98AA843B3AC}.Debug|x64.Build.0 = Debug|x64
		{0BA4068D-87B2-4C1F-8A8D-C98AA843B3AC}.Debug|x86.ActiveCfg = Debug|Win32
		{0BA4068D-87B2-4C1F-8A8D-C98AA843B3AC}.Debug|x86.Build.0 = Debug|Win32
		{0BA4068D-87B2-4C1F-8A8D-C98AA843B3AC}.Release|x64.ActiveCfg = Release|x64
		{0BA4068D-87B2-4C1F-8A8D-C98AA843B3AC}.Release|x64.Build.0 = Release|x64
		{0BA4068D-87B2-4C1F-8A8D-C98AA843B3AC}.Release|x86.ActiveCfg = Release|Win32
		{0BA4068D-87B2-4C1F-8A8D-C98AA843B3AC}.Release|x86.Build.0 = Release|Win32
	EndGlobalSection
	GlobalSection(SolutionProperties) = preSolution
		HideSolutionNode = FALSE
	EndGlobalSection
	GlobalSection(ExtensibilityGlobals) = postSolution
		SolutionGuid = {7B41417C-1F03-4BD3-9715-9F3F2FD13D92}
	EndGlobalSection
EndGlobal
